
Microsoft Visual Studio Solution File, Format Version 12.00
# Visual Studio Version 17
VisualStudioVersion = 17.1.32319.34
MinimumVisualStudioVersion = 10.0.40219.1
Project("{9A19103F-16F7-4668-BE54-9A1E7A4F7556}") = "Constructor.Data", "Constructor.Data\Constructor.Data.csproj", "{38006A69-5913-42F8-B639-C7967B3F9376}"
EndProject
Project("{9A19103F-16F7-4668-BE54-9A1E7A4F7556}") = "Constructor.Data.PostgreSql", "Constructor.Data.PostgreSql\Constructor.Data.PostgreSql.csproj", "{4278B693-A025-448F-BFF7-C378DAE0B0D3}"
EndProject
Global
	GlobalSection(SolutionConfigurationPlatforms) = preSolution
		Debug|Any CPU = Debug|Any CPU
		Release|Any CPU = Release|Any CPU
	EndGlobalSection
	GlobalSection(ProjectConfigurationPlatforms) = postSolution
		{38006A69-5913-42F8-B639-C7967B3F9376}.Debug|Any CPU.ActiveCfg = Debug|Any CPU
		{38006A69-5913-42F8-B639-C7967B3F9376}.Debug|Any CPU.Build.0 = Debug|Any CPU
		{38006A69-5913-42F8-B639-C7967B3F9376}.Release|Any CPU.ActiveCfg = Release|Any CPU
		{38006A69-5913-42F8-B639-C7967B3F9376}.Release|Any CPU.Build.0 = Release|Any CPU
		{4278B693-A025-448F-BFF7-C378DAE0B0D3}.Debug|Any CPU.ActiveCfg = Debug|Any CPU
		{4278B693-A025-448F-BFF7-C378DAE0B0D3}.Debug|Any CPU.Build.0 = Debug|Any CPU
		{4278B693-A025-448F-BFF7-C378DAE0B0D3}.Release|Any CPU.ActiveCfg = Release|Any CPU
		{4278B693-A025-448F-BFF7-C378DAE0B0D3}.Release|Any CPU.Build.0 = Release|Any CPU
	EndGlobalSection
	GlobalSection(SolutionProperties) = preSolution
		HideSolutionNode = FALSE
	EndGlobalSection
	GlobalSection(ExtensibilityGlobals) = postSolution
		SolutionGuid = {263B90E8-41D0-484B-8845-2E4638C3414F}
	EndGlobalSection
EndGlobal
